// !$*UTF8*$!
{
	archiveVersion = 1;
	classes = {
	};
	objectVersion = 56;
	objects = {

/* Begin PBXBuildFile section */
		59624E502C36B52B00D0D4C4 /* E_swavleApp.swift in Sources */ = {isa = PBXBuildFile; fileRef = 59624E4F2C36B52B00D0D4C4 /* E_swavleApp.swift */; };
		59624E522C36B52B00D0D4C4 /* GetStartedView.swift in Sources */ = {isa = PBXBuildFile; fileRef = 59624E512C36B52B00D0D4C4 /* GetStartedView.swift */; };
		59624E542C36B52E00D0D4C4 /* Assets.xcassets in Resources */ = {isa = PBXBuildFile; fileRef = 59624E532C36B52E00D0D4C4 /* Assets.xcassets */; };
		59624E572C36B52E00D0D4C4 /* Preview Assets.xcassets in Resources */ = {isa = PBXBuildFile; fileRef = 59624E562C36B52E00D0D4C4 /* Preview Assets.xcassets */; };
		59624E5E2C36B61E00D0D4C4 /* SplashScreenView.swift in Sources */ = {isa = PBXBuildFile; fileRef = 59624E5D2C36B61E00D0D4C4 /* SplashScreenView.swift */; };
		59624E602C36C92300D0D4C4 /* LogInView.swift in Sources */ = {isa = PBXBuildFile; fileRef = 59624E5F2C36C92300D0D4C4 /* LogInView.swift */; };
		59624E622C36FAC200D0D4C4 /* TabBarView.swift in Sources */ = {isa = PBXBuildFile; fileRef = 59624E612C36FAC200D0D4C4 /* TabBarView.swift */; };
		59624E642C36FAD900D0D4C4 /* ProfileView.swift in Sources */ = {isa = PBXBuildFile; fileRef = 59624E632C36FAD900D0D4C4 /* ProfileView.swift */; };
		59624E662C36FAE500D0D4C4 /* LeaderBoardView.swift in Sources */ = {isa = PBXBuildFile; fileRef = 59624E652C36FAE500D0D4C4 /* LeaderBoardView.swift */; };
		59624E682C36FAF300D0D4C4 /* RecommendedCoursesView.swift in Sources */ = {isa = PBXBuildFile; fileRef = 59624E672C36FAF300D0D4C4 /* RecommendedCoursesView.swift */; };
		59624E6E2C372F8D00D0D4C4 /* SignUpView.swift in Sources */ = {isa = PBXBuildFile; fileRef = 59624E6D2C372F8D00D0D4C4 /* SignUpView.swift */; };
		59624E702C373AB000D0D4C4 /* User.swift in Sources */ = {isa = PBXBuildFile; fileRef = 59624E6F2C373AB000D0D4C4 /* User.swift */; };
		59624E722C373AED00D0D4C4 /* UserCellView.swift in Sources */ = {isa = PBXBuildFile; fileRef = 59624E712C373AED00D0D4C4 /* UserCellView.swift */; };
		59624E752C37E48600D0D4C4 /* HomeView.swift in Sources */ = {isa = PBXBuildFile; fileRef = 59624E742C37E48500D0D4C4 /* HomeView.swift */; };
		59624E802C38B27900D0D4C4 /* myNetworkPackage in Frameworks */ = {isa = PBXBuildFile; productRef = 59624E7F2C38B27900D0D4C4 /* myNetworkPackage */; };
		59624E842C38B3D700D0D4C4 /* LeaderBoardViewModel.swift in Sources */ = {isa = PBXBuildFile; fileRef = 59624E832C38B3D700D0D4C4 /* LeaderBoardViewModel.swift */; };
		59624E942C38CF9A00D0D4C4 /* Course.swift in Sources */ = {isa = PBXBuildFile; fileRef = 59624E932C38CF9A00D0D4C4 /* Course.swift */; };
		59624E982C38CFF000D0D4C4 /* CourseViewModel.swift in Sources */ = {isa = PBXBuildFile; fileRef = 59624E972C38CFF000D0D4C4 /* CourseViewModel.swift */; };
		59624E9A2C38D06400D0D4C4 /* CourseCard.swift in Sources */ = {isa = PBXBuildFile; fileRef = 59624E992C38D06400D0D4C4 /* CourseCard.swift */; };
		59624E9C2C38D09000D0D4C4 /* FilterView.swift in Sources */ = {isa = PBXBuildFile; fileRef = 59624E9B2C38D09000D0D4C4 /* FilterView.swift */; };
		59624E9E2C38D0E600D0D4C4 /* CategoryButton.swift in Sources */ = {isa = PBXBuildFile; fileRef = 59624E9D2C38D0E600D0D4C4 /* CategoryButton.swift */; };
		59624EA02C38D11F00D0D4C4 /* SearchBar.swift in Sources */ = {isa = PBXBuildFile; fileRef = 59624E9F2C38D11F00D0D4C4 /* SearchBar.swift */; };
		59624EA42C38DD6F00D0D4C4 /* UserViewModel.swift in Sources */ = {isa = PBXBuildFile; fileRef = 59624EA32C38DD6F00D0D4C4 /* UserViewModel.swift */; };
		59624EA62C38DE8100D0D4C4 /* StatView.swift in Sources */ = {isa = PBXBuildFile; fileRef = 59624EA52C38DE8100D0D4C4 /* StatView.swift */; };
		59624EA82C38DE9B00D0D4C4 /* DetailRow.swift in Sources */ = {isa = PBXBuildFile; fileRef = 59624EA72C38DE9B00D0D4C4 /* DetailRow.swift */; };
/* End PBXBuildFile section */

/* Begin PBXFileReference section */
		59624E4C2C36B52B00D0D4C4 /* E-swavle.app */ = {isa = PBXFileReference; explicitFileType = wrapper.application; includeInIndex = 0; path = "E-swavle.app"; sourceTree = BUILT_PRODUCTS_DIR; };
		59624E4F2C36B52B00D0D4C4 /* E_swavleApp.swift */ = {isa = PBXFileReference; lastKnownFileType = sourcecode.swift; path = E_swavleApp.swift; sourceTree = "<group>"; };
		59624E512C36B52B00D0D4C4 /* GetStartedView.swift */ = {isa = PBXFileReference; lastKnownFileType = sourcecode.swift; path = GetStartedView.swift; sourceTree = "<group>"; };
		59624E532C36B52E00D0D4C4 /* Assets.xcassets */ = {isa = PBXFileReference; lastKnownFileType = folder.assetcatalog; path = Assets.xcassets; sourceTree = "<group>"; };
		59624E562C36B52E00D0D4C4 /* Preview Assets.xcassets */ = {isa = PBXFileReference; lastKnownFileType = folder.assetcatalog; path = "Preview Assets.xcassets"; sourceTree = "<group>"; };
		59624E5D2C36B61E00D0D4C4 /* SplashScreenView.swift */ = {isa = PBXFileReference; lastKnownFileType = sourcecode.swift; path = SplashScreenView.swift; sourceTree = "<group>"; };
		59624E5F2C36C92300D0D4C4 /* LogInView.swift */ = {isa = PBXFileReference; lastKnownFileType = sourcecode.swift; path = LogInView.swift; sourceTree = "<group>"; };
		59624E612C36FAC200D0D4C4 /* TabBarView.swift */ = {isa = PBXFileReference; lastKnownFileType = sourcecode.swift; path = TabBarView.swift; sourceTree = "<group>"; };
		59624E632C36FAD900D0D4C4 /* ProfileView.swift */ = {isa = PBXFileReference; lastKnownFileType = sourcecode.swift; path = ProfileView.swift; sourceTree = "<group>"; };
		59624E652C36FAE500D0D4C4 /* LeaderBoardView.swift */ = {isa = PBXFileReference; lastKnownFileType = sourcecode.swift; path = LeaderBoardView.swift; sourceTree = "<group>"; };
		59624E672C36FAF300D0D4C4 /* RecommendedCoursesView.swift */ = {isa = PBXFileReference; lastKnownFileType = sourcecode.swift; path = RecommendedCoursesView.swift; sourceTree = "<group>"; };
		59624E6D2C372F8D00D0D4C4 /* SignUpView.swift */ = {isa = PBXFileReference; lastKnownFileType = sourcecode.swift; path = SignUpView.swift; sourceTree = "<group>"; };
		59624E6F2C373AB000D0D4C4 /* User.swift */ = {isa = PBXFileReference; lastKnownFileType = sourcecode.swift; path = User.swift; sourceTree = "<group>"; };
		59624E712C373AED00D0D4C4 /* UserCellView.swift */ = {isa = PBXFileReference; lastKnownFileType = sourcecode.swift; path = UserCellView.swift; sourceTree = "<group>"; };
		59624E742C37E48500D0D4C4 /* HomeView.swift */ = {isa = PBXFileReference; lastKnownFileType = sourcecode.swift; path = HomeView.swift; sourceTree = "<group>"; };
		59624E832C38B3D700D0D4C4 /* LeaderBoardViewModel.swift */ = {isa = PBXFileReference; lastKnownFileType = sourcecode.swift; path = LeaderBoardViewModel.swift; sourceTree = "<group>"; };
		59624E882C38C5D600D0D4C4 /* Info.plist */ = {isa = PBXFileReference; lastKnownFileType = text.plist.xml; path = Info.plist; sourceTree = "<group>"; };
		59624E932C38CF9A00D0D4C4 /* Course.swift */ = {isa = PBXFileReference; lastKnownFileType = sourcecode.swift; path = Course.swift; sourceTree = "<group>"; };
		59624E972C38CFF000D0D4C4 /* CourseViewModel.swift */ = {isa = PBXFileReference; lastKnownFileType = sourcecode.swift; path = CourseViewModel.swift; sourceTree = "<group>"; };
		59624E992C38D06400D0D4C4 /* CourseCard.swift */ = {isa = PBXFileReference; lastKnownFileType = sourcecode.swift; path = CourseCard.swift; sourceTree = "<group>"; };
		59624E9B2C38D09000D0D4C4 /* FilterView.swift */ = {isa = PBXFileReference; lastKnownFileType = sourcecode.swift; path = FilterView.swift; sourceTree = "<group>"; };
		59624E9D2C38D0E600D0D4C4 /* CategoryButton.swift */ = {isa = PBXFileReference; lastKnownFileType = sourcecode.swift; path = CategoryButton.swift; sourceTree = "<group>"; };
		59624E9F2C38D11F00D0D4C4 /* SearchBar.swift */ = {isa = PBXFileReference; lastKnownFileType = sourcecode.swift; path = SearchBar.swift; sourceTree = "<group>"; };
		59624EA32C38DD6F00D0D4C4 /* UserViewModel.swift */ = {isa = PBXFileReference; lastKnownFileType = sourcecode.swift; path = UserViewModel.swift; sourceTree = "<group>"; };
		59624EA52C38DE8100D0D4C4 /* StatView.swift */ = {isa = PBXFileReference; lastKnownFileType = sourcecode.swift; path = StatView.swift; sourceTree = "<group>"; };
		59624EA72C38DE9B00D0D4C4 /* DetailRow.swift */ = {isa = PBXFileReference; lastKnownFileType = sourcecode.swift; path = DetailRow.swift; sourceTree = "<group>"; };
/* End PBXFileReference section */

/* Begin PBXFrameworksBuildPhase section */
		59624E492C36B52B00D0D4C4 /* Frameworks */ = {
			isa = PBXFrameworksBuildPhase;
			buildActionMask = 2147483647;
			files = (
				59624E802C38B27900D0D4C4 /* myNetworkPackage in Frameworks */,
			);
			runOnlyForDeploymentPostprocessing = 0;
		};
/* End PBXFrameworksBuildPhase section */

/* Begin PBXGroup section */
		59624E432C36B52B00D0D4C4 = {
			isa = PBXGroup;
			children = (
				59624E4E2C36B52B00D0D4C4 /* E-swavle */,
				59624E4D2C36B52B00D0D4C4 /* Products */,
			);
			sourceTree = "<group>";
		};
		59624E4D2C36B52B00D0D4C4 /* Products */ = {
			isa = PBXGroup;
			children = (
				59624E4C2C36B52B00D0D4C4 /* E-swavle.app */,
			);
			name = Products;
			sourceTree = "<group>";
		};
		59624E4E2C36B52B00D0D4C4 /* E-swavle */ = {
			isa = PBXGroup;
			children = (
				59624E6A2C36FAFF00D0D4C4 /* App */,
				59624E7B2C381C8900D0D4C4 /* Domain */,
				59624E762C381B0300D0D4C4 /* Presentation */,
				59624E6C2C36FB2D00D0D4C4 /* SplashScreenView */,
				59624E692C36FAF800D0D4C4 /* Supporting */,
				59624E552C36B52E00D0D4C4 /* Preview Content */,
			);
			path = "E-swavle";
			sourceTree = "<group>";
		};
		59624E552C36B52E00D0D4C4 /* Preview Content */ = {
			isa = PBXGroup;
			children = (
				59624E562C36B52E00D0D4C4 /* Preview Assets.xcassets */,
			);
			path = "Preview Content";
			sourceTree = "<group>";
		};
		59624E692C36FAF800D0D4C4 /* Supporting */ = {
			isa = PBXGroup;
			children = (
				59624E882C38C5D600D0D4C4 /* Info.plist */,
				59624E532C36B52E00D0D4C4 /* Assets.xcassets */,
			);
			path = Supporting;
			sourceTree = "<group>";
		};
		59624E6A2C36FAFF00D0D4C4 /* App */ = {
			isa = PBXGroup;
			children = (
				59624E4F2C36B52B00D0D4C4 /* E_swavleApp.swift */,
			);
			path = App;
			sourceTree = "<group>";
		};
		59624E6C2C36FB2D00D0D4C4 /* SplashScreenView */ = {
			isa = PBXGroup;
			children = (
				59624E5D2C36B61E00D0D4C4 /* SplashScreenView.swift */,
			);
			path = SplashScreenView;
			sourceTree = "<group>";
		};
		59624E762C381B0300D0D4C4 /* Presentation */ = {
			isa = PBXGroup;
			children = (
				59624E8F2C38CC7800D0D4C4 /* Start */,
				59624E8B2C38CC0200D0D4C4 /* TabBar */,
				59624E772C381B2600D0D4C4 /* LogIn */,
				59624E892C38CBC200D0D4C4 /* SignUp */,
				59624E8C2C38CC3500D0D4C4 /* Home */,
				59624E822C38B3A100D0D4C4 /* LeaderBoard */,
				59624E902C38CC9100D0D4C4 /* Courses */,
				59624E912C38CCA400D0D4C4 /* Profile */,
			);
			path = Presentation;
			sourceTree = "<group>";
		};
		59624E772C381B2600D0D4C4 /* LogIn */ = {
			isa = PBXGroup;
			children = (
				59624E782C381C4600D0D4C4 /* View */,
			);
			path = LogIn;
			sourceTree = "<group>";
		};
		59624E782C381C4600D0D4C4 /* View */ = {
			isa = PBXGroup;
			children = (
				59624E5F2C36C92300D0D4C4 /* LogInView.swift */,
			);
			path = View;
			sourceTree = "<group>";
		};
		59624E7B2C381C8900D0D4C4 /* Domain */ = {
			isa = PBXGroup;
			children = (
				59624E7C2C381C9700D0D4C4 /* Models */,
			);
			path = Domain;
			sourceTree = "<group>";
		};
		59624E7C2C381C9700D0D4C4 /* Models */ = {
			isa = PBXGroup;
			children = (
				59624E6F2C373AB000D0D4C4 /* User.swift */,
				59624E932C38CF9A00D0D4C4 /* Course.swift */,
			);
			path = Models;
			sourceTree = "<group>";
		};
		59624E812C38B39000D0D4C4 /* View */ = {
			isa = PBXGroup;
			children = (
				59624E652C36FAE500D0D4C4 /* LeaderBoardView.swift */,
				59624E922C38CD0D00D0D4C4 /* Cell */,
			);
			name = View;
			path = ../../Views/View;
			sourceTree = "<group>";
		};
		59624E822C38B3A100D0D4C4 /* LeaderBoard */ = {
			isa = PBXGroup;
			children = (
				59624E852C38B3DD00D0D4C4 /* ViewModel */,
				59624E812C38B39000D0D4C4 /* View */,
			);
			name = LeaderBoard;
			path = LogIn;
			sourceTree = "<group>";
		};
		59624E852C38B3DD00D0D4C4 /* ViewModel */ = {
			isa = PBXGroup;
			children = (
				59624E832C38B3D700D0D4C4 /* LeaderBoardViewModel.swift */,
			);
			path = ViewModel;
			sourceTree = "<group>";
		};
		59624E892C38CBC200D0D4C4 /* SignUp */ = {
			isa = PBXGroup;
			children = (
				59624E8A2C38CBED00D0D4C4 /* View */,
			);
			path = SignUp;
			sourceTree = "<group>";
		};
		59624E8A2C38CBED00D0D4C4 /* View */ = {
			isa = PBXGroup;
			children = (
				59624E6D2C372F8D00D0D4C4 /* SignUpView.swift */,
			);
			path = View;
			sourceTree = "<group>";
		};
		59624E8B2C38CC0200D0D4C4 /* TabBar */ = {
			isa = PBXGroup;
			children = (
				59624E612C36FAC200D0D4C4 /* TabBarView.swift */,
			);
			path = TabBar;
			sourceTree = "<group>";
		};
		59624E8C2C38CC3500D0D4C4 /* Home */ = {
			isa = PBXGroup;
			children = (
				59624E8D2C38CC4E00D0D4C4 /* View */,
			);
			path = Home;
			sourceTree = "<group>";
		};
		59624E8D2C38CC4E00D0D4C4 /* View */ = {
			isa = PBXGroup;
			children = (
				59624E742C37E48500D0D4C4 /* HomeView.swift */,
			);
			path = View;
			sourceTree = "<group>";
		};
		59624E8F2C38CC7800D0D4C4 /* Start */ = {
			isa = PBXGroup;
			children = (
				59624E512C36B52B00D0D4C4 /* GetStartedView.swift */,
			);
			path = Start;
			sourceTree = "<group>";
		};
		59624E902C38CC9100D0D4C4 /* Courses */ = {
			isa = PBXGroup;
			children = (
				59624E962C38CFD600D0D4C4 /* ViewModel */,
				59624E952C38CFCF00D0D4C4 /* View */,
			);
			path = Courses;
			sourceTree = "<group>";
		};
		59624E912C38CCA400D0D4C4 /* Profile */ = {
			isa = PBXGroup;
			children = (
				59624EA12C38DD4E00D0D4C4 /* ViewModel */,
				59624EA22C38DD5500D0D4C4 /* View */,
			);
			path = Profile;
			sourceTree = "<group>";
		};
		59624E922C38CD0D00D0D4C4 /* Cell */ = {
			isa = PBXGroup;
			children = (
				59624E712C373AED00D0D4C4 /* UserCellView.swift */,
			);
			path = Cell;
			sourceTree = "<group>";
		};
		59624E952C38CFCF00D0D4C4 /* View */ = {
			isa = PBXGroup;
			children = (
				59624E672C36FAF300D0D4C4 /* RecommendedCoursesView.swift */,
				59624E992C38D06400D0D4C4 /* CourseCard.swift */,
				59624E9B2C38D09000D0D4C4 /* FilterView.swift */,
				59624E9D2C38D0E600D0D4C4 /* CategoryButton.swift */,
				59624E9F2C38D11F00D0D4C4 /* SearchBar.swift */,
			);
			path = View;
			sourceTree = "<group>";
		};
		59624E962C38CFD600D0D4C4 /* ViewModel */ = {
			isa = PBXGroup;
			children = (
				59624E972C38CFF000D0D4C4 /* CourseViewModel.swift */,
			);
			name = ViewModel;
			path = View;
			sourceTree = "<group>";
		};
		59624EA12C38DD4E00D0D4C4 /* ViewModel */ = {
			isa = PBXGroup;
			children = (
				59624EA32C38DD6F00D0D4C4 /* UserViewModel.swift */,
			);
			path = ViewModel;
			sourceTree = "<group>";
		};
		59624EA22C38DD5500D0D4C4 /* View */ = {
			isa = PBXGroup;
			children = (
				59624E632C36FAD900D0D4C4 /* ProfileView.swift */,
				59624EA52C38DE8100D0D4C4 /* StatView.swift */,
				59624EA72C38DE9B00D0D4C4 /* DetailRow.swift */,
			);
			path = View;
			sourceTree = "<group>";
		};
/* End PBXGroup section */

/* Begin PBXNativeTarget section */
		59624E4B2C36B52B00D0D4C4 /* E-swavle */ = {
			isa = PBXNativeTarget;
			buildConfigurationList = 59624E5A2C36B52E00D0D4C4 /* Build configuration list for PBXNativeTarget "E-swavle" */;
			buildPhases = (
				59624E482C36B52B00D0D4C4 /* Sources */,
				59624E492C36B52B00D0D4C4 /* Frameworks */,
				59624E4A2C36B52B00D0D4C4 /* Resources */,
			);
			buildRules = (
			);
			dependencies = (
			);
			name = "E-swavle";
			packageProductDependencies = (
				59624E7F2C38B27900D0D4C4 /* myNetworkPackage */,
			);
			productName = "E-swavle";
			productReference = 59624E4C2C36B52B00D0D4C4 /* E-swavle.app */;
			productType = "com.apple.product-type.application";
		};
/* End PBXNativeTarget section */

/* Begin PBXProject section */
		59624E442C36B52B00D0D4C4 /* Project object */ = {
			isa = PBXProject;
			attributes = {
				BuildIndependentTargetsInParallel = 1;
				LastSwiftUpdateCheck = 1540;
				LastUpgradeCheck = 1540;
				TargetAttributes = {
					59624E4B2C36B52B00D0D4C4 = {
						CreatedOnToolsVersion = 15.4;
					};
				};
			};
			buildConfigurationList = 59624E472C36B52B00D0D4C4 /* Build configuration list for PBXProject "E-swavle" */;
			compatibilityVersion = "Xcode 14.0";
			developmentRegion = en;
			hasScannedForEncodings = 0;
			knownRegions = (
				en,
				Base,
			);
			mainGroup = 59624E432C36B52B00D0D4C4;
			packageReferences = (
				59624E7E2C38B27900D0D4C4 /* XCRemoteSwiftPackageReference "NetWorking-Package" */,
			);
			productRefGroup = 59624E4D2C36B52B00D0D4C4 /* Products */;
			projectDirPath = "";
			projectRoot = "";
			targets = (
				59624E4B2C36B52B00D0D4C4 /* E-swavle */,
			);
		};
/* End PBXProject section */

/* Begin PBXResourcesBuildPhase section */
		59624E4A2C36B52B00D0D4C4 /* Resources */ = {
			isa = PBXResourcesBuildPhase;
			buildActionMask = 2147483647;
			files = (
				59624E572C36B52E00D0D4C4 /* Preview Assets.xcassets in Resources */,
				59624E542C36B52E00D0D4C4 /* Assets.xcassets in Resources */,
			);
			runOnlyForDeploymentPostprocessing = 0;
		};
/* End PBXResourcesBuildPhase section */

/* Begin PBXSourcesBuildPhase section */
		59624E482C36B52B00D0D4C4 /* Sources */ = {
			isa = PBXSourcesBuildPhase;
			buildActionMask = 2147483647;
			files = (
				59624E522C36B52B00D0D4C4 /* GetStartedView.swift in Sources */,
				59624EA02C38D11F00D0D4C4 /* SearchBar.swift in Sources */,
				59624E682C36FAF300D0D4C4 /* RecommendedCoursesView.swift in Sources */,
				59624EA82C38DE9B00D0D4C4 /* DetailRow.swift in Sources */,
				59624E502C36B52B00D0D4C4 /* E_swavleApp.swift in Sources */,
				59624E662C36FAE500D0D4C4 /* LeaderBoardView.swift in Sources */,
				59624E722C373AED00D0D4C4 /* UserCellView.swift in Sources */,
				59624E602C36C92300D0D4C4 /* LogInView.swift in Sources */,
				59624E9A2C38D06400D0D4C4 /* CourseCard.swift in Sources */,
				59624E622C36FAC200D0D4C4 /* TabBarView.swift in Sources */,
				59624E642C36FAD900D0D4C4 /* ProfileView.swift in Sources */,
				59624E942C38CF9A00D0D4C4 /* Course.swift in Sources */,
				59624E9C2C38D09000D0D4C4 /* FilterView.swift in Sources */,
				59624E842C38B3D700D0D4C4 /* LeaderBoardViewModel.swift in Sources */,
				59624EA42C38DD6F00D0D4C4 /* UserViewModel.swift in Sources */,
				59624E9E2C38D0E600D0D4C4 /* CategoryButton.swift in Sources */,
				59624EA62C38DE8100D0D4C4 /* StatView.swift in Sources */,
				59624E6E2C372F8D00D0D4C4 /* SignUpView.swift in Sources */,
				59624E752C37E48600D0D4C4 /* HomeView.swift in Sources */,
				59624E982C38CFF000D0D4C4 /* CourseViewModel.swift in Sources */,
				59624E702C373AB000D0D4C4 /* User.swift in Sources */,
				59624E5E2C36B61E00D0D4C4 /* SplashScreenView.swift in Sources */,
			);
			runOnlyForDeploymentPostprocessing = 0;
		};
/* End PBXSourcesBuildPhase section */

/* Begin XCBuildConfiguration section */
		59624E582C36B52E00D0D4C4 /* Debug */ = {
			isa = XCBuildConfiguration;
			buildSettings = {
				ALWAYS_SEARCH_USER_PATHS = NO;
				ASSETCATALOG_COMPILER_GENERATE_SWIFT_ASSET_SYMBOL_EXTENSIONS = YES;
				CLANG_ANALYZER_NONNULL = YES;
				CLANG_ANALYZER_NUMBER_OBJECT_CONVERSION = YES_AGGRESSIVE;
				CLANG_CXX_LANGUAGE_STANDARD = "gnu++20";
				CLANG_ENABLE_MODULES = YES;
				CLANG_ENABLE_OBJC_ARC = YES;
				CLANG_ENABLE_OBJC_WEAK = YES;
				CLANG_WARN_BLOCK_CAPTURE_AUTORELEASING = YES;
				CLANG_WARN_BOOL_CONVERSION = YES;
				CLANG_WARN_COMMA = YES;
				CLANG_WARN_CONSTANT_CONVERSION = YES;
				CLANG_WARN_DEPRECATED_OBJC_IMPLEMENTATIONS = YES;
				CLANG_WARN_DIRECT_OBJC_ISA_USAGE = YES_ERROR;
				CLANG_WARN_DOCUMENTATION_COMMENTS = YES;
				CLANG_WARN_EMPTY_BODY = YES;
				CLANG_WARN_ENUM_CONVERSION = YES;
				CLANG_WARN_INFINITE_RECURSION = YES;
				CLANG_WARN_INT_CONVERSION = YES;
				CLANG_WARN_NON_LITERAL_NULL_CONVERSION = YES;
				CLANG_WARN_OBJC_IMPLICIT_RETAIN_SELF = YES;
				CLANG_WARN_OBJC_LITERAL_CONVERSION = YES;
				CLANG_WARN_OBJC_ROOT_CLASS = YES_ERROR;
				CLANG_WARN_QUOTED_INCLUDE_IN_FRAMEWORK_HEADER = YES;
				CLANG_WARN_RANGE_LOOP_ANALYSIS = YES;
				CLANG_WARN_STRICT_PROTOTYPES = YES;
				CLANG_WARN_SUSPICIOUS_MOVE = YES;
				CLANG_WARN_UNGUARDED_AVAILABILITY = YES_AGGRESSIVE;
				CLANG_WARN_UNREACHABLE_CODE = YES;
				CLANG_WARN__DUPLICATE_METHOD_MATCH = YES;
				COPY_PHASE_STRIP = NO;
				DEBUG_INFORMATION_FORMAT = dwarf;
				ENABLE_STRICT_OBJC_MSGSEND = YES;
				ENABLE_TESTABILITY = YES;
				ENABLE_USER_SCRIPT_SANDBOXING = YES;
				GCC_C_LANGUAGE_STANDARD = gnu17;
				GCC_DYNAMIC_NO_PIC = NO;
				GCC_NO_COMMON_BLOCKS = YES;
				GCC_OPTIMIZATION_LEVEL = 0;
				GCC_PREPROCESSOR_DEFINITIONS = (
					"DEBUG=1",
					"$(inherited)",
				);
				GCC_WARN_64_TO_32_BIT_CONVERSION = YES;
				GCC_WARN_ABOUT_RETURN_TYPE = YES_ERROR;
				GCC_WARN_UNDECLARED_SELECTOR = YES;
				GCC_WARN_UNINITIALIZED_AUTOS = YES_AGGRESSIVE;
				GCC_WARN_UNUSED_FUNCTION = YES;
				GCC_WARN_UNUSED_VARIABLE = YES;
				IPHONEOS_DEPLOYMENT_TARGET = 17.5;
				LOCALIZATION_PREFERS_STRING_CATALOGS = YES;
				MTL_ENABLE_DEBUG_INFO = INCLUDE_SOURCE;
				MTL_FAST_MATH = YES;
				ONLY_ACTIVE_ARCH = YES;
				SDKROOT = iphoneos;
				SWIFT_ACTIVE_COMPILATION_CONDITIONS = "DEBUG $(inherited)";
				SWIFT_OPTIMIZATION_LEVEL = "-Onone";
			};
			name = Debug;
		};
		59624E592C36B52E00D0D4C4 /* Release */ = {
			isa = XCBuildConfiguration;
			buildSettings = {
				ALWAYS_SEARCH_USER_PATHS = NO;
				ASSETCATALOG_COMPILER_GENERATE_SWIFT_ASSET_SYMBOL_EXTENSIONS = YES;
				CLANG_ANALYZER_NONNULL = YES;
				CLANG_ANALYZER_NUMBER_OBJECT_CONVERSION = YES_AGGRESSIVE;
				CLANG_CXX_LANGUAGE_STANDARD = "gnu++20";
				CLANG_ENABLE_MODULES = YES;
				CLANG_ENABLE_OBJC_ARC = YES;
				CLANG_ENABLE_OBJC_WEAK = YES;
				CLANG_WARN_BLOCK_CAPTURE_AUTORELEASING = YES;
				CLANG_WARN_BOOL_CONVERSION = YES;
				CLANG_WARN_COMMA = YES;
				CLANG_WARN_CONSTANT_CONVERSION = YES;
				CLANG_WARN_DEPRECATED_OBJC_IMPLEMENTATIONS = YES;
				CLANG_WARN_DIRECT_OBJC_ISA_USAGE = YES_ERROR;
				CLANG_WARN_DOCUMENTATION_COMMENTS = YES;
				CLANG_WARN_EMPTY_BODY = YES;
				CLANG_WARN_ENUM_CONVERSION = YES;
				CLANG_WARN_INFINITE_RECURSION = YES;
				CLANG_WARN_INT_CONVERSION = YES;
				CLANG_WARN_NON_LITERAL_NULL_CONVERSION = YES;
				CLANG_WARN_OBJC_IMPLICIT_RETAIN_SELF = YES;
				CLANG_WARN_OBJC_LITERAL_CONVERSION = YES;
				CLANG_WARN_OBJC_ROOT_CLASS = YES_ERROR;
				CLANG_WARN_QUOTED_INCLUDE_IN_FRAMEWORK_HEADER = YES;
				CLANG_WARN_RANGE_LOOP_ANALYSIS = YES;
				CLANG_WARN_STRICT_PROTOTYPES = YES;
				CLANG_WARN_SUSPICIOUS_MOVE = YES;
				CLANG_WARN_UNGUARDED_AVAILABILITY = YES_AGGRESSIVE;
				CLANG_WARN_UNREACHABLE_CODE = YES;
				CLANG_WARN__DUPLICATE_METHOD_MATCH = YES;
				COPY_PHASE_STRIP = NO;
				DEBUG_INFORMATION_FORMAT = "dwarf-with-dsym";
				ENABLE_NS_ASSERTIONS = NO;
				ENABLE_STRICT_OBJC_MSGSEND = YES;
				ENABLE_USER_SCRIPT_SANDBOXING = YES;
				GCC_C_LANGUAGE_STANDARD = gnu17;
				GCC_NO_COMMON_BLOCKS = YES;
				GCC_WARN_64_TO_32_BIT_CONVERSION = YES;
				GCC_WARN_ABOUT_RETURN_TYPE = YES_ERROR;
				GCC_WARN_UNDECLARED_SELECTOR = YES;
				GCC_WARN_UNINITIALIZED_AUTOS = YES_AGGRESSIVE;
				GCC_WARN_UNUSED_FUNCTION = YES;
				GCC_WARN_UNUSED_VARIABLE = YES;
				IPHONEOS_DEPLOYMENT_TARGET = 17.5;
				LOCALIZATION_PREFERS_STRING_CATALOGS = YES;
				MTL_ENABLE_DEBUG_INFO = NO;
				MTL_FAST_MATH = YES;
				SDKROOT = iphoneos;
				SWIFT_COMPILATION_MODE = wholemodule;
				VALIDATE_PRODUCT = YES;
			};
			name = Release;
		};
		59624E5B2C36B52E00D0D4C4 /* Debug */ = {
			isa = XCBuildConfiguration;
			buildSettings = {
				ASSETCATALOG_COMPILER_APPICON_NAME = AppIcon;
				ASSETCATALOG_COMPILER_GLOBAL_ACCENT_COLOR_NAME = AccentColor;
				CODE_SIGN_STYLE = Automatic;
				CURRENT_PROJECT_VERSION = 1;
				DEVELOPMENT_ASSET_PATHS = "\"E-swavle/Preview Content\"";
				ENABLE_PREVIEWS = YES;
				GENERATE_INFOPLIST_FILE = YES;
				INFOPLIST_FILE = "E-swavle/Supporting/Info.plist";
				INFOPLIST_KEY_UIApplicationSceneManifest_Generation = YES;
				INFOPLIST_KEY_UIApplicationSupportsIndirectInputEvents = YES;
				INFOPLIST_KEY_UILaunchScreen_Generation = YES;
				INFOPLIST_KEY_UISupportedInterfaceOrientations_iPad = "UIInterfaceOrientationPortrait UIInterfaceOrientationPortraitUpsideDown UIInterfaceOrientationLandscapeLeft UIInterfaceOrientationLandscapeRight";
				INFOPLIST_KEY_UISupportedInterfaceOrientations_iPhone = "UIInterfaceOrientationPortrait UIInterfaceOrientationLandscapeLeft UIInterfaceOrientationLandscapeRight";
				IPHONEOS_DEPLOYMENT_TARGET = 17.5;
				LD_RUNPATH_SEARCH_PATHS = (
					"$(inherited)",
					"@executable_path/Frameworks",
				);
				MARKETING_VERSION = 1.0;
				PRODUCT_BUNDLE_IDENTIFIER = "com.your.TBC.E-swavle";
				PRODUCT_NAME = "$(TARGET_NAME)";
				SWIFT_EMIT_LOC_STRINGS = YES;
				SWIFT_VERSION = 5.0;
				TARGETED_DEVICE_FAMILY = "1,2";
			};
			name = Debug;
		};
		59624E5C2C36B52E00D0D4C4 /* Release */ = {
			isa = XCBuildConfiguration;
			buildSettings = {
				ASSETCATALOG_COMPILER_APPICON_NAME = AppIcon;
				ASSETCATALOG_COMPILER_GLOBAL_ACCENT_COLOR_NAME = AccentColor;
				CODE_SIGN_STYLE = Automatic;
				CURRENT_PROJECT_VERSION = 1;
				DEVELOPMENT_ASSET_PATHS = "\"E-swavle/Preview Content\"";
				ENABLE_PREVIEWS = YES;
				GENERATE_INFOPLIST_FILE = YES;
				INFOPLIST_FILE = "E-swavle/Supporting/Info.plist";
				INFOPLIST_KEY_UIApplicationSceneManifest_Generation = YES;
				INFOPLIST_KEY_UIApplicationSupportsIndirectInputEvents = YES;
				INFOPLIST_KEY_UILaunchScreen_Generation = YES;
				INFOPLIST_KEY_UISupportedInterfaceOrientations_iPad = "UIInterfaceOrientationPortrait UIInterfaceOrientationPortraitUpsideDown UIInterfaceOrientationLandscapeLeft UIInterfaceOrientationLandscapeRight";
				INFOPLIST_KEY_UISupportedInterfaceOrientations_iPhone = "UIInterfaceOrientationPortrait UIInterfaceOrientationLandscapeLeft UIInterfaceOrientationLandscapeRight";
				IPHONEOS_DEPLOYMENT_TARGET = 17.5;
				LD_RUNPATH_SEARCH_PATHS = (
					"$(inherited)",
					"@executable_path/Frameworks",
				);
				MARKETING_VERSION = 1.0;
				PRODUCT_BUNDLE_IDENTIFIER = "com.your.TBC.E-swavle";
				PRODUCT_NAME = "$(TARGET_NAME)";
				SWIFT_EMIT_LOC_STRINGS = YES;
				SWIFT_VERSION = 5.0;
				TARGETED_DEVICE_FAMILY = "1,2";
			};
			name = Release;
		};
/* End XCBuildConfiguration section */

/* Begin XCConfigurationList section */
		59624E472C36B52B00D0D4C4 /* Build configuration list for PBXProject "E-swavle" */ = {
			isa = XCConfigurationList;
			buildConfigurations = (
				59624E582C36B52E00D0D4C4 /* Debug */,
				59624E592C36B52E00D0D4C4 /* Release */,
			);
			defaultConfigurationIsVisible = 0;
			defaultConfigurationName = Release;
		};
		59624E5A2C36B52E00D0D4C4 /* Build configuration list for PBXNativeTarget "E-swavle" */ = {
			isa = XCConfigurationList;
			buildConfigurations = (
				59624E5B2C36B52E00D0D4C4 /* Debug */,
				59624E5C2C36B52E00D0D4C4 /* Release */,
			);
			defaultConfigurationIsVisible = 0;
			defaultConfigurationName = Release;
		};
/* End XCConfigurationList section */

/* Begin XCRemoteSwiftPackageReference section */
		59624E7E2C38B27900D0D4C4 /* XCRemoteSwiftPackageReference "NetWorking-Package" */ = {
			isa = XCRemoteSwiftPackageReference;
			repositoryURL = "https://github.com/AnaIoramashvili/NetWorking-Package";
			requirement = {
				branch = main;
				kind = branch;
			};
		};
/* End XCRemoteSwiftPackageReference section */

/* Begin XCSwiftPackageProductDependency section */
		59624E7F2C38B27900D0D4C4 /* myNetworkPackage */ = {
			isa = XCSwiftPackageProductDependency;
			package = 59624E7E2C38B27900D0D4C4 /* XCRemoteSwiftPackageReference "NetWorking-Package" */;
			productName = myNetworkPackage;
		};
/* End XCSwiftPackageProductDependency section */
	};
	rootObject = 59624E442C36B52B00D0D4C4 /* Project object */;
}
